// !$*UTF8*$!
{
	archiveVersion = 1;
	classes = {
	};
	objectVersion = 46;
	objects = {

/* Begin PBXBuildFile section */
		CF407B9D1B81DCA6006214A0 /* DetailViewController.m in Sources */ = {isa = PBXBuildFile; fileRef = CF407B9C1B81DCA6006214A0 /* DetailViewController.m */; };
		CF407BA01B81DE29006214A0 /* DetailTextViewController.m in Sources */ = {isa = PBXBuildFile; fileRef = CF407B9F1B81DE29006214A0 /* DetailTextViewController.m */; };
		CF44A9A61B7D322D00963529 /* DirectoryListViewController.m in Sources */ = {isa = PBXBuildFile; fileRef = CF44A9A51B7D322D00963529 /* DirectoryListViewController.m */; };
		CF44A9A91B7D3E4100963529 /* LimaDocumentTableViewCell.m in Sources */ = {isa = PBXBuildFile; fileRef = CF44A9A81B7D3E4100963529 /* LimaDocumentTableViewCell.m */; };
		CF771FDF1B85D1D60008B25D /* AVFoundation.framework in Frameworks */ = {isa = PBXBuildFile; fileRef = CF4319531B80E6F20005792A /* AVFoundation.framework */; };
		CF771FE41B85E4510008B25D /* Localizable.strings in Resources */ = {isa = PBXBuildFile; fileRef = CF771FE21B85E4510008B25D /* Localizable.strings */; };
		CF771FE71B85E7B10008B25D /* Constants.m in Sources */ = {isa = PBXBuildFile; fileRef = CF771FE61B85E7B10008B25D /* Constants.m */; };
		CF88A2541B7E119900A90A62 /* MimeDirectory.png in Resources */ = {isa = PBXBuildFile; fileRef = CF88A2511B7E119900A90A62 /* MimeDirectory.png */; };
		CF88A2551B7E119900A90A62 /* MimeImage.png in Resources */ = {isa = PBXBuildFile; fileRef = CF88A2521B7E119900A90A62 /* MimeImage.png */; };
		CF88A2561B7E119900A90A62 /* MimeVideo.png in Resources */ = {isa = PBXBuildFile; fileRef = CF88A2531B7E119900A90A62 /* MimeVideo.png */; };
		CF88A2581B7E130E00A90A62 /* MimeText.png in Resources */ = {isa = PBXBuildFile; fileRef = CF88A2571B7E130E00A90A62 /* MimeText.png */; };
		CF88A25C1B7E229B00A90A62 /* DetailImageViewController.m in Sources */ = {isa = PBXBuildFile; fileRef = CF88A25B1B7E229B00A90A62 /* DetailImageViewController.m */; };
		CF88A2601B7E2D9200A90A62 /* HttpHelper.m in Sources */ = {isa = PBXBuildFile; fileRef = CF88A25F1B7E2D9200A90A62 /* HttpHelper.m */; };
		CF88A2661B7E3AEF00A90A62 /* DetailAudioVisualViewController.m in Sources */ = {isa = PBXBuildFile; fileRef = CF88A2651B7E3AEF00A90A62 /* DetailAudioVisualViewController.m */; };
		CF88A2681B7E3B9200A90A62 /* MimeSound.png in Resources */ = {isa = PBXBuildFile; fileRef = CF88A2671B7E3B9200A90A62 /* MimeSound.png */; };
		CF8FC51A1B85C07D00103C65 /* MediaPlayer.framework in Frameworks */ = {isa = PBXBuildFile; fileRef = CF8FC5191B85C07D00103C65 /* MediaPlayer.framework */; };
		CFE6FEED1B7D2F5700991A8C /* main.m in Sources */ = {isa = PBXBuildFile; fileRef = CFE6FEEC1B7D2F5700991A8C /* main.m */; };
		CFE6FEF01B7D2F5800991A8C /* AppDelegate.m in Sources */ = {isa = PBXBuildFile; fileRef = CFE6FEEF1B7D2F5800991A8C /* AppDelegate.m */; };
		CFE6FEF61B7D2F5800991A8C /* Main.storyboard in Resources */ = {isa = PBXBuildFile; fileRef = CFE6FEF41B7D2F5800991A8C /* Main.storyboard */; };
		CFE6FEF81B7D2F5800991A8C /* Images.xcassets in Resources */ = {isa = PBXBuildFile; fileRef = CFE6FEF71B7D2F5800991A8C /* Images.xcassets */; };
		CFE6FEFB1B7D2F5800991A8C /* LaunchScreen.xib in Resources */ = {isa = PBXBuildFile; fileRef = CFE6FEF91B7D2F5800991A8C /* LaunchScreen.xib */; };
		CFE6FF071B7D2F5800991A8C /* LimaMockupTests.m in Sources */ = {isa = PBXBuildFile; fileRef = CFE6FF061B7D2F5800991A8C /* LimaMockupTests.m */; };
		CFE6FF121B7D2FC000991A8C /* LimaDocument.m in Sources */ = {isa = PBXBuildFile; fileRef = CFE6FF111B7D2FC000991A8C /* LimaDocument.m */; };
/* End PBXBuildFile section */

/* Begin PBXContainerItemProxy section */
		CFE6FF011B7D2F5800991A8C /* PBXContainerItemProxy */ = {
			isa = PBXContainerItemProxy;
			containerPortal = CFE6FEDF1B7D2F5700991A8C /* Project object */;
			proxyType = 1;
			remoteGlobalIDString = CFE6FEE61B7D2F5700991A8C;
			remoteInfo = LimaMockup;
		};
/* End PBXContainerItemProxy section */

/* Begin PBXFileReference section */
		CF407B9B1B81DCA6006214A0 /* DetailViewController.h */ = {isa = PBXFileReference; fileEncoding = 4; lastKnownFileType = sourcecode.c.h; path = DetailViewController.h; sourceTree = "<group>"; };
		CF407B9C1B81DCA6006214A0 /* DetailViewController.m */ = {isa = PBXFileReference; fileEncoding = 4; lastKnownFileType = sourcecode.c.objc; path = DetailViewController.m; sourceTree = "<group>"; };
		CF407B9E1B81DE29006214A0 /* DetailTextViewController.h */ = {isa = PBXFileReference; fileEncoding = 4; lastKnownFileType = sourcecode.c.h; path = DetailTextViewController.h; sourceTree = "<group>"; };
		CF407B9F1B81DE29006214A0 /* DetailTextViewController.m */ = {isa = PBXFileReference; fileEncoding = 4; lastKnownFileType = sourcecode.c.objc; path = DetailTextViewController.m; sourceTree = "<group>"; };
		CF4319531B80E6F20005792A /* AVFoundation.framework */ = {isa = PBXFileReference; lastKnownFileType = wrapper.framework; name = AVFoundation.framework; path = System/Library/Frameworks/AVFoundation.framework; sourceTree = SDKROOT; };
		CF44A9A41B7D322D00963529 /* DirectoryListViewController.h */ = {isa = PBXFileReference; fileEncoding = 4; lastKnownFileType = sourcecode.c.h; path = DirectoryListViewController.h; sourceTree = "<group>"; };
		CF44A9A51B7D322D00963529 /* DirectoryListViewController.m */ = {isa = PBXFileReference; fileEncoding = 4; lastKnownFileType = sourcecode.c.objc; path = DirectoryListViewController.m; sourceTree = "<group>"; };
		CF44A9A71B7D3E4100963529 /* LimaDocumentTableViewCell.h */ = {isa = PBXFileReference; fileEncoding = 4; lastKnownFileType = sourcecode.c.h; path = LimaDocumentTableViewCell.h; sourceTree = "<group>"; };
		CF44A9A81B7D3E4100963529 /* LimaDocumentTableViewCell.m */ = {isa = PBXFileReference; fileEncoding = 4; lastKnownFileType = sourcecode.c.objc; path = LimaDocumentTableViewCell.m; sourceTree = "<group>"; };
		CF771FE31B85E4510008B25D /* fr */ = {isa = PBXFileReference; lastKnownFileType = text.plist.strings; name = fr; path = fr.lproj/Localizable.strings; sourceTree = "<group>"; };
		CF771FE51B85E45B0008B25D /* en */ = {isa = PBXFileReference; lastKnownFileType = text.plist.strings; name = en; path = en.lproj/Localizable.strings; sourceTree = "<group>"; };
		CF771FE61B85E7B10008B25D /* Constants.m */ = {isa = PBXFileReference; fileEncoding = 4; lastKnownFileType = sourcecode.c.objc; path = Constants.m; sourceTree = "<group>"; };
		CF88A2511B7E119900A90A62 /* MimeDirectory.png */ = {isa = PBXFileReference; lastKnownFileType = image.png; path = MimeDirectory.png; sourceTree = "<group>"; };
		CF88A2521B7E119900A90A62 /* MimeImage.png */ = {isa = PBXFileReference; lastKnownFileType = image.png; path = MimeImage.png; sourceTree = "<group>"; };
		CF88A2531B7E119900A90A62 /* MimeVideo.png */ = {isa = PBXFileReference; lastKnownFileType = image.png; path = MimeVideo.png; sourceTree = "<group>"; };
		CF88A2571B7E130E00A90A62 /* MimeText.png */ = {isa = PBXFileReference; lastKnownFileType = image.png; path = MimeText.png; sourceTree = "<group>"; };
		CF88A25A1B7E229B00A90A62 /* DetailImageViewController.h */ = {isa = PBXFileReference; fileEncoding = 4; lastKnownFileType = sourcecode.c.h; path = DetailImageViewController.h; sourceTree = "<group>"; };
		CF88A25B1B7E229B00A90A62 /* DetailImageViewController.m */ = {isa = PBXFileReference; fileEncoding = 4; lastKnownFileType = sourcecode.c.objc; path = DetailImageViewController.m; sourceTree = "<group>"; };
		CF88A25E1B7E2D9200A90A62 /* HttpHelper.h */ = {isa = PBXFileReference; fileEncoding = 4; lastKnownFileType = sourcecode.c.h; path = HttpHelper.h; sourceTree = "<group>"; };
		CF88A25F1B7E2D9200A90A62 /* HttpHelper.m */ = {isa = PBXFileReference; fileEncoding = 4; lastKnownFileType = sourcecode.c.objc; path = HttpHelper.m; sourceTree = "<group>"; };
		CF88A2611B7E346A00A90A62 /* Constants.h */ = {isa = PBXFileReference; fileEncoding = 4; lastKnownFileType = sourcecode.c.h; path = Constants.h; sourceTree = "<group>"; };
		CF88A2641B7E3AEF00A90A62 /* DetailAudioVisualViewController.h */ = {isa = PBXFileReference; fileEncoding = 4; lastKnownFileType = sourcecode.c.h; path = DetailAudioVisualViewController.h; sourceTree = "<group>"; };
		CF88A2651B7E3AEF00A90A62 /* DetailAudioVisualViewController.m */ = {isa = PBXFileReference; fileEncoding = 4; lastKnownFileType = sourcecode.c.objc; path = DetailAudioVisualViewController.m; sourceTree = "<group>"; };
		CF88A2671B7E3B9200A90A62 /* MimeSound.png */ = {isa = PBXFileReference; lastKnownFileType = image.png; path = MimeSound.png; sourceTree = "<group>"; };
		CF8FC5191B85C07D00103C65 /* MediaPlayer.framework */ = {isa = PBXFileReference; lastKnownFileType = wrapper.framework; name = MediaPlayer.framework; path = System/Library/Frameworks/MediaPlayer.framework; sourceTree = SDKROOT; };
		CFE6FEE71B7D2F5700991A8C /* LimaMockup.app */ = {isa = PBXFileReference; explicitFileType = wrapper.application; includeInIndex = 0; path = LimaMockup.app; sourceTree = BUILT_PRODUCTS_DIR; };
		CFE6FEEB1B7D2F5700991A8C /* Info.plist */ = {isa = PBXFileReference; lastKnownFileType = text.plist.xml; path = Info.plist; sourceTree = "<group>"; };
		CFE6FEEC1B7D2F5700991A8C /* main.m */ = {isa = PBXFileReference; lastKnownFileType = sourcecode.c.objc; path = main.m; sourceTree = "<group>"; };
		CFE6FEEE1B7D2F5700991A8C /* AppDelegate.h */ = {isa = PBXFileReference; lastKnownFileType = sourcecode.c.h; path = AppDelegate.h; sourceTree = "<group>"; };
		CFE6FEEF1B7D2F5800991A8C /* AppDelegate.m */ = {isa = PBXFileReference; lastKnownFileType = sourcecode.c.objc; path = AppDelegate.m; sourceTree = "<group>"; };
		CFE6FEF51B7D2F5800991A8C /* Base */ = {isa = PBXFileReference; lastKnownFileType = file.storyboard; name = Base; path = Base.lproj/Main.storyboard; sourceTree = "<group>"; };
		CFE6FEF71B7D2F5800991A8C /* Images.xcassets */ = {isa = PBXFileReference; lastKnownFileType = folder.assetcatalog; path = Images.xcassets; sourceTree = "<group>"; };
		CFE6FEFA1B7D2F5800991A8C /* Base */ = {isa = PBXFileReference; lastKnownFileType = file.xib; name = Base; path = Base.lproj/LaunchScreen.xib; sourceTree = "<group>"; };
		CFE6FF001B7D2F5800991A8C /* LimaMockupTests.xctest */ = {isa = PBXFileReference; explicitFileType = wrapper.cfbundle; includeInIndex = 0; path = LimaMockupTests.xctest; sourceTree = BUILT_PRODUCTS_DIR; };
		CFE6FF051B7D2F5800991A8C /* Info.plist */ = {isa = PBXFileReference; lastKnownFileType = text.plist.xml; path = Info.plist; sourceTree = "<group>"; };
		CFE6FF061B7D2F5800991A8C /* LimaMockupTests.m */ = {isa = PBXFileReference; lastKnownFileType = sourcecode.c.objc; path = LimaMockupTests.m; sourceTree = "<group>"; };
		CFE6FF101B7D2FC000991A8C /* LimaDocument.h */ = {isa = PBXFileReference; fileEncoding = 4; lastKnownFileType = sourcecode.c.h; path = LimaDocument.h; sourceTree = "<group>"; };
		CFE6FF111B7D2FC000991A8C /* LimaDocument.m */ = {isa = PBXFileReference; fileEncoding = 4; lastKnownFileType = sourcecode.c.objc; path = LimaDocument.m; sourceTree = "<group>"; };
/* End PBXFileReference section */

/* Begin PBXFrameworksBuildPhase section */
		CFE6FEE41B7D2F5700991A8C /* Frameworks */ = {
			isa = PBXFrameworksBuildPhase;
			buildActionMask = 2147483647;
			files = (
				CF771FDF1B85D1D60008B25D /* AVFoundation.framework in Frameworks */,
				CF8FC51A1B85C07D00103C65 /* MediaPlayer.framework in Frameworks */,
			);
			runOnlyForDeploymentPostprocessing = 0;
		};
		CFE6FEFD1B7D2F5800991A8C /* Frameworks */ = {
			isa = PBXFrameworksBuildPhase;
			buildActionMask = 2147483647;
			files = (
			);
			runOnlyForDeploymentPostprocessing = 0;
		};
/* End PBXFrameworksBuildPhase section */

/* Begin PBXGroup section */
		CF88A24F1B7E119900A90A62 /* Ressources */ = {
			isa = PBXGroup;
			children = (
				CF771FE21B85E4510008B25D /* Localizable.strings */,
				CF88A2501B7E119900A90A62 /* Images */,
			);
			path = Ressources;
			sourceTree = "<group>";
		};
		CF88A2501B7E119900A90A62 /* Images */ = {
			isa = PBXGroup;
			children = (
				CF88A2571B7E130E00A90A62 /* MimeText.png */,
				CF88A2511B7E119900A90A62 /* MimeDirectory.png */,
				CF88A2521B7E119900A90A62 /* MimeImage.png */,
				CF88A2671B7E3B9200A90A62 /* MimeSound.png */,
				CF88A2531B7E119900A90A62 /* MimeVideo.png */,
			);
			path = Images;
			sourceTree = "<group>";
		};
		CF88A2591B7E222600A90A62 /* ViewControllers */ = {
			isa = PBXGroup;
			children = (
				CF88A25A1B7E229B00A90A62 /* DetailImageViewController.h */,
				CF88A25B1B7E229B00A90A62 /* DetailImageViewController.m */,
				CF88A2641B7E3AEF00A90A62 /* DetailAudioVisualViewController.h */,
				CF88A2651B7E3AEF00A90A62 /* DetailAudioVisualViewController.m */,
				CF407B9E1B81DE29006214A0 /* DetailTextViewController.h */,
				CF407B9F1B81DE29006214A0 /* DetailTextViewController.m */,
				CF407B9B1B81DCA6006214A0 /* DetailViewController.h */,
				CF407B9C1B81DCA6006214A0 /* DetailViewController.m */,
				CF44A9A41B7D322D00963529 /* DirectoryListViewController.h */,
				CF44A9A51B7D322D00963529 /* DirectoryListViewController.m */,
			);
			name = ViewControllers;
			sourceTree = "<group>";
		};
		CF88A25D1B7E2D4F00A90A62 /* Utils */ = {
			isa = PBXGroup;
			children = (
				CF88A2611B7E346A00A90A62 /* Constants.h */,
				CF771FE61B85E7B10008B25D /* Constants.m */,
				CF88A25E1B7E2D9200A90A62 /* HttpHelper.h */,
				CF88A25F1B7E2D9200A90A62 /* HttpHelper.m */,
			);
			name = Utils;
			sourceTree = "<group>";
		};
		CFE6FEDE1B7D2F5700991A8C = {
			isa = PBXGroup;
			children = (
				CF8FC5191B85C07D00103C65 /* MediaPlayer.framework */,
				CF4319531B80E6F20005792A /* AVFoundation.framework */,
				CFE6FEE91B7D2F5700991A8C /* LimaMockup */,
				CFE6FF031B7D2F5800991A8C /* LimaMockupTests */,
				CFE6FEE81B7D2F5700991A8C /* Products */,
			);
			sourceTree = "<group>";
		};
		CFE6FEE81B7D2F5700991A8C /* Products */ = {
			isa = PBXGroup;
			children = (
				CFE6FEE71B7D2F5700991A8C /* LimaMockup.app */,
				CFE6FF001B7D2F5800991A8C /* LimaMockupTests.xctest */,
			);
			name = Products;
			sourceTree = "<group>";
		};
		CFE6FEE91B7D2F5700991A8C /* LimaMockup */ = {
			isa = PBXGroup;
			children = (
				CF88A25D1B7E2D4F00A90A62 /* Utils */,
				CF88A2591B7E222600A90A62 /* ViewControllers */,
				CF88A24F1B7E119900A90A62 /* Ressources */,
				CFE6FEEE1B7D2F5700991A8C /* AppDelegate.h */,
				CFE6FEEF1B7D2F5800991A8C /* AppDelegate.m */,
				CFE6FEF71B7D2F5800991A8C /* Images.xcassets */,
				CFE6FEF91B7D2F5800991A8C /* LaunchScreen.xib */,
				CFE6FF101B7D2FC000991A8C /* LimaDocument.h */,
				CFE6FF111B7D2FC000991A8C /* LimaDocument.m */,
				CF44A9A71B7D3E4100963529 /* LimaDocumentTableViewCell.h */,
				CF44A9A81B7D3E4100963529 /* LimaDocumentTableViewCell.m */,
				CFE6FEF41B7D2F5800991A8C /* Main.storyboard */,
				CFE6FEEA1B7D2F5700991A8C /* Supporting Files */,
			);
			path = LimaMockup;
			sourceTree = "<group>";
		};
		CFE6FEEA1B7D2F5700991A8C /* Supporting Files */ = {
			isa = PBXGroup;
			children = (
				CFE6FEEB1B7D2F5700991A8C /* Info.plist */,
				CFE6FEEC1B7D2F5700991A8C /* main.m */,
			);
			name = "Supporting Files";
			sourceTree = "<group>";
		};
		CFE6FF031B7D2F5800991A8C /* LimaMockupTests */ = {
			isa = PBXGroup;
			children = (
				CFE6FF061B7D2F5800991A8C /* LimaMockupTests.m */,
				CFE6FF041B7D2F5800991A8C /* Supporting Files */,
			);
			path = LimaMockupTests;
			sourceTree = "<group>";
		};
		CFE6FF041B7D2F5800991A8C /* Supporting Files */ = {
			isa = PBXGroup;
			children = (
				CFE6FF051B7D2F5800991A8C /* Info.plist */,
			);
			name = "Supporting Files";
			sourceTree = "<group>";
		};
/* End PBXGroup section */

/* Begin PBXNativeTarget section */
		CFE6FEE61B7D2F5700991A8C /* LimaMockup */ = {
			isa = PBXNativeTarget;
			buildConfigurationList = CFE6FF0A1B7D2F5800991A8C /* Build configuration list for PBXNativeTarget "LimaMockup" */;
			buildPhases = (
				CFE6FEE31B7D2F5700991A8C /* Sources */,
				CFE6FEE41B7D2F5700991A8C /* Frameworks */,
				CFE6FEE51B7D2F5700991A8C /* Resources */,
			);
			buildRules = (
			);
			dependencies = (
			);
			name = LimaMockup;
			productName = LimaMockup;
			productReference = CFE6FEE71B7D2F5700991A8C /* LimaMockup.app */;
			productType = "com.apple.product-type.application";
		};
		CFE6FEFF1B7D2F5800991A8C /* LimaMockupTests */ = {
			isa = PBXNativeTarget;
			buildConfigurationList = CFE6FF0D1B7D2F5800991A8C /* Build configuration list for PBXNativeTarget "LimaMockupTests" */;
			buildPhases = (
				CFE6FEFC1B7D2F5800991A8C /* Sources */,
				CFE6FEFD1B7D2F5800991A8C /* Frameworks */,
				CFE6FEFE1B7D2F5800991A8C /* Resources */,
			);
			buildRules = (
			);
			dependencies = (
				CFE6FF021B7D2F5800991A8C /* PBXTargetDependency */,
			);
			name = LimaMockupTests;
			productName = LimaMockupTests;
			productReference = CFE6FF001B7D2F5800991A8C /* LimaMockupTests.xctest */;
			productType = "com.apple.product-type.bundle.unit-test";
		};
/* End PBXNativeTarget section */

/* Begin PBXProject section */
		CFE6FEDF1B7D2F5700991A8C /* Project object */ = {
			isa = PBXProject;
			attributes = {
				LastUpgradeCheck = 0640;
				ORGANIZATIONNAME = "Marie-Odile Del Carlo";
				TargetAttributes = {
					CFE6FEE61B7D2F5700991A8C = {
						CreatedOnToolsVersion = 6.4;
					};
					CFE6FEFF1B7D2F5800991A8C = {
						CreatedOnToolsVersion = 6.4;
						TestTargetID = CFE6FEE61B7D2F5700991A8C;
					};
				};
			};
			buildConfigurationList = CFE6FEE21B7D2F5700991A8C /* Build configuration list for PBXProject "LimaMockup" */;
			compatibilityVersion = "Xcode 3.2";
			developmentRegion = English;
			hasScannedForEncodings = 0;
			knownRegions = (
				en,
				Base,
				fr,
			);
			mainGroup = CFE6FEDE1B7D2F5700991A8C;
			productRefGroup = CFE6FEE81B7D2F5700991A8C /* Products */;
			projectDirPath = "";
			projectRoot = "";
			targets = (
				CFE6FEE61B7D2F5700991A8C /* LimaMockup */,
				CFE6FEFF1B7D2F5800991A8C /* LimaMockupTests */,
			);
		};
/* End PBXProject section */

/* Begin PBXResourcesBuildPhase section */
		CFE6FEE51B7D2F5700991A8C /* Resources */ = {
			isa = PBXResourcesBuildPhase;
			buildActionMask = 2147483647;
			files = (
				CF88A2551B7E119900A90A62 /* MimeImage.png in Resources */,
				CF88A2681B7E3B9200A90A62 /* MimeSound.png in Resources */,
				CF88A2561B7E119900A90A62 /* MimeVideo.png in Resources */,
				CFE6FEF61B7D2F5800991A8C /* Main.storyboard in Resources */,
				CF771FE41B85E4510008B25D /* Localizable.strings in Resources */,
				CF88A2541B7E119900A90A62 /* MimeDirectory.png in Resources */,
				CFE6FEFB1B7D2F5800991A8C /* LaunchScreen.xib in Resources */,
				CF88A2581B7E130E00A90A62 /* MimeText.png in Resources */,
				CFE6FEF81B7D2F5800991A8C /* Images.xcassets in Resources */,
			);
			runOnlyForDeploymentPostprocessing = 0;
		};
		CFE6FEFE1B7D2F5800991A8C /* Resources */ = {
			isa = PBXResourcesBuildPhase;
			buildActionMask = 2147483647;
			files = (
			);
			runOnlyForDeploymentPostprocessing = 0;
		};
/* End PBXResourcesBuildPhase section */

/* Begin PBXSourcesBuildPhase section */
		CFE6FEE31B7D2F5700991A8C /* Sources */ = {
			isa = PBXSourcesBuildPhase;
			buildActionMask = 2147483647;
			files = (
				CF771FE71B85E7B10008B25D /* Constants.m in Sources */,
				CFE6FEF01B7D2F5800991A8C /* AppDelegate.m in Sources */,
				CF88A2661B7E3AEF00A90A62 /* DetailAudioVisualViewController.m in Sources */,
				CFE6FEED1B7D2F5700991A8C /* main.m in Sources */,
				CF44A9A91B7D3E4100963529 /* LimaDocumentTableViewCell.m in Sources */,
				CF44A9A61B7D322D00963529 /* DirectoryListViewController.m in Sources */,
				CF407B9D1B81DCA6006214A0 /* DetailViewController.m in Sources */,
				CFE6FF121B7D2FC000991A8C /* LimaDocument.m in Sources */,
				CF88A2601B7E2D9200A90A62 /* HttpHelper.m in Sources */,
				CF88A25C1B7E229B00A90A62 /* DetailImageViewController.m in Sources */,
				CF407BA01B81DE29006214A0 /* DetailTextViewController.m in Sources */,
			);
			runOnlyForDeploymentPostprocessing = 0;
		};
		CFE6FEFC1B7D2F5800991A8C /* Sources */ = {
			isa = PBXSourcesBuildPhase;
			buildActionMask = 2147483647;
			files = (
				CFE6FF071B7D2F5800991A8C /* LimaMockupTests.m in Sources */,
			);
			runOnlyForDeploymentPostprocessing = 0;
		};
/* End PBXSourcesBuildPhase section */

/* Begin PBXTargetDependency section */
		CFE6FF021B7D2F5800991A8C /* PBXTargetDependency */ = {
			isa = PBXTargetDependency;
			target = CFE6FEE61B7D2F5700991A8C /* LimaMockup */;
			targetProxy = CFE6FF011B7D2F5800991A8C /* PBXContainerItemProxy */;
		};
/* End PBXTargetDependency section */

/* Begin PBXVariantGroup section */
		CF771FE21B85E4510008B25D /* Localizable.strings */ = {
			isa = PBXVariantGroup;
			children = (
				CF771FE31B85E4510008B25D /* fr */,
				CF771FE51B85E45B0008B25D /* en */,
			);
			name = Localizable.strings;
			sourceTree = "<group>";
		};
		CFE6FEF41B7D2F5800991A8C /* Main.storyboard */ = {
			isa = PBXVariantGroup;
			children = (
				CFE6FEF51B7D2F5800991A8C /* Base */,
			);
			name = Main.storyboard;
			sourceTree = "<group>";
		};
		CFE6FEF91B7D2F5800991A8C /* LaunchScreen.xib */ = {
			isa = PBXVariantGroup;
			children = (
				CFE6FEFA1B7D2F5800991A8C /* Base */,
			);
			name = LaunchScreen.xib;
			sourceTree = "<group>";
		};
/* End PBXVariantGroup section */

/* Begin XCBuildConfiguration section */
		CFE6FF081B7D2F5800991A8C /* Debug */ = {
			isa = XCBuildConfiguration;
			buildSettings = {
				ALWAYS_SEARCH_USER_PATHS = NO;
				CLANG_CXX_LANGUAGE_STANDARD = "gnu++0x";
				CLANG_CXX_LIBRARY = "libc++";
				CLANG_ENABLE_MODULES = YES;
				CLANG_ENABLE_OBJC_ARC = YES;
				CLANG_WARN_BOOL_CONVERSION = YES;
				CLANG_WARN_CONSTANT_CONVERSION = YES;
				CLANG_WARN_DIRECT_OBJC_ISA_USAGE = YES_ERROR;
				CLANG_WARN_EMPTY_BODY = YES;
				CLANG_WARN_ENUM_CONVERSION = YES;
				CLANG_WARN_INT_CONVERSION = YES;
				CLANG_WARN_OBJC_ROOT_CLASS = YES_ERROR;
				CLANG_WARN_UNREACHABLE_CODE = YES;
				CLANG_WARN__DUPLICATE_METHOD_MATCH = YES;
				"CODE_SIGN_IDENTITY[sdk=iphoneos*]" = "iPhone Developer";
				COPY_PHASE_STRIP = NO;
				DEBUG_INFORMATION_FORMAT = "dwarf-with-dsym";
				ENABLE_STRICT_OBJC_MSGSEND = YES;
				GCC_C_LANGUAGE_STANDARD = gnu99;
				GCC_DYNAMIC_NO_PIC = NO;
				GCC_NO_COMMON_BLOCKS = YES;
				GCC_OPTIMIZATION_LEVEL = 0;
				GCC_PREPROCESSOR_DEFINITIONS = (
					"DEBUG=1",
					"$(inherited)",
				);
				GCC_SYMBOLS_PRIVATE_EXTERN = NO;
				GCC_WARN_64_TO_32_BIT_CONVERSION = YES;
				GCC_WARN_ABOUT_RETURN_TYPE = YES_ERROR;
				GCC_WARN_UNDECLARED_SELECTOR = YES;
				GCC_WARN_UNINITIALIZED_AUTOS = YES_AGGRESSIVE;
				GCC_WARN_UNUSED_FUNCTION = YES;
				GCC_WARN_UNUSED_VARIABLE = YES;
				IPHONEOS_DEPLOYMENT_TARGET = 8.4;
				MTL_ENABLE_DEBUG_INFO = YES;
				ONLY_ACTIVE_ARCH = YES;
				SDKROOT = iphoneos;
			};
			name = Debug;
		};
		CFE6FF091B7D2F5800991A8C /* Release */ = {
			isa = XCBuildConfiguration;
			buildSettings = {
				ALWAYS_SEARCH_USER_PATHS = NO;
				CLANG_CXX_LANGUAGE_STANDARD = "gnu++0x";
				CLANG_CXX_LIBRARY = "libc++";
				CLANG_ENABLE_MODULES = YES;
				CLANG_ENABLE_OBJC_ARC = YES;
				CLANG_WARN_BOOL_CONVERSION = YES;
				CLANG_WARN_CONSTANT_CONVERSION = YES;
				CLANG_WARN_DIRECT_OBJC_ISA_USAGE = YES_ERROR;
				CLANG_WARN_EMPTY_BODY = YES;
				CLANG_WARN_ENUM_CONVERSION = YES;
				CLANG_WARN_INT_CONVERSION = YES;
				CLANG_WARN_OBJC_ROOT_CLASS = YES_ERROR;
				CLANG_WARN_UNREACHABLE_CODE = YES;
				CLANG_WARN__DUPLICATE_METHOD_MATCH = YES;
				"CODE_SIGN_IDENTITY[sdk=iphoneos*]" = "iPhone Developer";
				COPY_PHASE_STRIP = NO;
				DEBUG_INFORMATION_FORMAT = "dwarf-with-dsym";
				ENABLE_NS_ASSERTIONS = NO;
				ENABLE_STRICT_OBJC_MSGSEND = YES;
				GCC_C_LANGUAGE_STANDARD = gnu99;
				GCC_NO_COMMON_BLOCKS = YES;
				GCC_WARN_64_TO_32_BIT_CONVERSION = YES;
				GCC_WARN_ABOUT_RETURN_TYPE = YES_ERROR;
				GCC_WARN_UNDECLARED_SELECTOR = YES;
				GCC_WARN_UNINITIALIZED_AUTOS = YES_AGGRESSIVE;
				GCC_WARN_UNUSED_FUNCTION = YES;
				GCC_WARN_UNUSED_VARIABLE = YES;
				IPHONEOS_DEPLOYMENT_TARGET = 8.4;
				MTL_ENABLE_DEBUG_INFO = NO;
				SDKROOT = iphoneos;
				VALIDATE_PRODUCT = YES;
			};
			name = Release;
		};
		CFE6FF0B1B7D2F5800991A8C /* Debug */ = {
			isa = XCBuildConfiguration;
			buildSettings = {
				ASSETCATALOG_COMPILER_APPICON_NAME = AppIcon;
				INFOPLIST_FILE = LimaMockup/Info.plist;
				IPHONEOS_DEPLOYMENT_TARGET = 7.0;
				LD_RUNPATH_SEARCH_PATHS = "$(inherited) @executable_path/Frameworks";
				PRODUCT_NAME = "$(TARGET_NAME)";
			};
			name = Debug;
		};
		CFE6FF0C1B7D2F5800991A8C /* Release */ = {
			isa = XCBuildConfiguration;
			buildSettings = {
				ASSETCATALOG_COMPILER_APPICON_NAME = AppIcon;
				INFOPLIST_FILE = LimaMockup/Info.plist;
				IPHONEOS_DEPLOYMENT_TARGET = 7.0;
				LD_RUNPATH_SEARCH_PATHS = "$(inherited) @executable_path/Frameworks";
				PRODUCT_NAME = "$(TARGET_NAME)";
			};
			name = Release;
		};
		CFE6FF0E1B7D2F5800991A8C /* Debug */ = {
			isa = XCBuildConfiguration;
			buildSettings = {
				BUNDLE_LOADER = "$(TEST_HOST)";
				FRAMEWORK_SEARCH_PATHS = (
					"$(SDKROOT)/Developer/Library/Frameworks",
					"$(inherited)",
				);
				GCC_PREPROCESSOR_DEFINITIONS = (
					"DEBUG=1",
					"$(inherited)",
				);
				INFOPLIST_FILE = LimaMockupTests/Info.plist;
				LD_RUNPATH_SEARCH_PATHS = "$(inherited) @executable_path/Frameworks @loader_path/Frameworks";
				PRODUCT_NAME = "$(TARGET_NAME)";
				TEST_HOST = "$(BUILT_PRODUCTS_DIR)/LimaMockup.app/LimaMockup";
			};
			name = Debug;
		};
		CFE6FF0F1B7D2F5800991A8C /* Release */ = {
			isa = XCBuildConfiguration;
			buildSettings = {
				BUNDLE_LOADER = "$(TEST_HOST)";
				FRAMEWORK_SEARCH_PATHS = (
					"$(SDKROOT)/Developer/Library/Frameworks",
					"$(inherited)",
				);
				INFOPLIST_FILE = LimaMockupTests/Info.plist;
				LD_RUNPATH_SEARCH_PATHS = "$(inherited) @executable_path/Frameworks @loader_path/Frameworks";
				PRODUCT_NAME = "$(TARGET_NAME)";
				TEST_HOST = "$(BUILT_PRODUCTS_DIR)/LimaMockup.app/LimaMockup";
			};
			name = Release;
		};
/* End XCBuildConfiguration section */

/* Begin XCConfigurationList section */
		CFE6FEE21B7D2F5700991A8C /* Build configuration list for PBXProject "LimaMockup" */ = {
			isa = XCConfigurationList;
			buildConfigurations = (
				CFE6FF081B7D2F5800991A8C /* Debug */,
				CFE6FF091B7D2F5800991A8C /* Release */,
			);
			defaultConfigurationIsVisible = 0;
			defaultConfigurationName = Release;
		};
		CFE6FF0A1B7D2F5800991A8C /* Build configuration list for PBXNativeTarget "LimaMockup" */ = {
			isa = XCConfigurationList;
			buildConfigurations = (
				CFE6FF0B1B7D2F5800991A8C /* Debug */,
				CFE6FF0C1B7D2F5800991A8C /* Release */,
			);
			defaultConfigurationIsVisible = 0;
			defaultConfigurationName = Release;
		};
		CFE6FF0D1B7D2F5800991A8C /* Build configuration list for PBXNativeTarget "LimaMockupTests" */ = {
			isa = XCConfigurationList;
			buildConfigurations = (
				CFE6FF0E1B7D2F5800991A8C /* Debug */,
				CFE6FF0F1B7D2F5800991A8C /* Release */,
			);
			defaultConfigurationIsVisible = 0;
			defaultConfigurationName = Release;
		};
/* End XCConfigurationList section */
	};
	rootObject = CFE6FEDF1B7D2F5700991A8C /* Project object */;
}
